
Microsoft Visual Studio Solution File, Format Version 12.00
# Visual Studio Version 17
VisualStudioVersion = 17.6.33723.286
MinimumVisualStudioVersion = 10.0.40219.1
Project("{FAE04EC0-301F-11D3-BF4B-00C04F79EFBC}") = "JenkinTest", "JenkinTest\JenkinTest.csproj", "{2B7FFE0D-9083-4B48-B6C1-657D187E8B99}"
EndProject
Global
	GlobalSection(SolutionConfigurationPlatforms) = preSolution
		Debug|Any CPU = Debug|Any CPU
		Release|Any CPU = Release|Any CPU
	EndGlobalSection
	GlobalSection(ProjectConfigurationPlatforms) = postSolution
		{2B7FFE0D-9083-4B48-B6C1-657D187E8B99}.Debug|Any CPU.ActiveCfg = Debug|Any CPU
		{2B7FFE0D-9083-4B48-B6C1-657D187E8B99}.Debug|Any CPU.Build.0 = Debug|Any CPU
		{2B7FFE0D-9083-4B48-B6C1-657D187E8B99}.Release|Any CPU.ActiveCfg = Release|Any CPU
		{2B7FFE0D-9083-4B48-B6C1-657D187E8B99}.Release|Any CPU.Build.0 = Release|Any CPU
	EndGlobalSection
	GlobalSection(SolutionProperties) = preSolution
		HideSolutionNode = FALSE
	EndGlobalSection
	GlobalSection(ExtensibilityGlobals) = postSolution
		SolutionGuid = {A1FA16B7-8C27-4EB3-8773-353EE3BA9D63}
	EndGlobalSection
EndGlobal
